// !$*UTF8*$!
{
	archiveVersion = 1;
	classes = {
	};
	objectVersion = 55;
	objects = {

/* Begin PBXBuildFile section */
		E81128532802FF4B002D18F8 /* PlaySafeContentProviderAppApp.swift in Sources */ = {isa = PBXBuildFile; fileRef = E81128522802FF4B002D18F8 /* PlaySafeContentProviderAppApp.swift */; };
		E81128572802FF4D002D18F8 /* Assets.xcassets in Resources */ = {isa = PBXBuildFile; fileRef = E81128562802FF4D002D18F8 /* Assets.xcassets */; };
		E811285A2802FF4D002D18F8 /* Preview Assets.xcassets in Resources */ = {isa = PBXBuildFile; fileRef = E81128592802FF4D002D18F8 /* Preview Assets.xcassets */; };
		E81128622803006C002D18F8 /* NetworkRequestService.swift in Sources */ = {isa = PBXBuildFile; fileRef = E81128612803006C002D18F8 /* NetworkRequestService.swift */; };
		E8112865280300A7002D18F8 /* AuthService.swift in Sources */ = {isa = PBXBuildFile; fileRef = E8112864280300A7002D18F8 /* AuthService.swift */; };
		E8112867280300D7002D18F8 /* NetworkRequestError.swift in Sources */ = {isa = PBXBuildFile; fileRef = E8112866280300D7002D18F8 /* NetworkRequestError.swift */; };
		E811286A28030100002D18F8 /* Logging.swift in Sources */ = {isa = PBXBuildFile; fileRef = E811286928030100002D18F8 /* Logging.swift */; };
		E811286D280301C8002D18F8 /* RequestBody.swift in Sources */ = {isa = PBXBuildFile; fileRef = E811286C280301C8002D18F8 /* RequestBody.swift */; };
		E811286F280301ED002D18F8 /* Keys.swift in Sources */ = {isa = PBXBuildFile; fileRef = E811286E280301ED002D18F8 /* Keys.swift */; };
		E811287128030211002D18F8 /* ErrorMessage.swift in Sources */ = {isa = PBXBuildFile; fileRef = E811287028030211002D18F8 /* ErrorMessage.swift */; };
		E81128732803025A002D18F8 /* User.swift in Sources */ = {isa = PBXBuildFile; fileRef = E81128722803025A002D18F8 /* User.swift */; };
		E81128752803039A002D18F8 /* MediaContent.swift in Sources */ = {isa = PBXBuildFile; fileRef = E81128742803039A002D18F8 /* MediaContent.swift */; };
		E811287828030F02002D18F8 /* LoginView.swift in Sources */ = {isa = PBXBuildFile; fileRef = E811287728030F02002D18F8 /* LoginView.swift */; };
		E811287A28030F1F002D18F8 /* LoginViewModel.swift in Sources */ = {isa = PBXBuildFile; fileRef = E811287928030F1F002D18F8 /* LoginViewModel.swift */; };
		E811287E28030FA9002D18F8 /* RegisterAccountViewModel.swift in Sources */ = {isa = PBXBuildFile; fileRef = E811287D28030FA9002D18F8 /* RegisterAccountViewModel.swift */; };
		E811288028031022002D18F8 /* RegisterAccountView.swift in Sources */ = {isa = PBXBuildFile; fileRef = E811287F28031022002D18F8 /* RegisterAccountView.swift */; };
		E81128832803106B002D18F8 /* HomeViewModel.swift in Sources */ = {isa = PBXBuildFile; fileRef = E81128822803106B002D18F8 /* HomeViewModel.swift */; };
		E81128862803118B002D18F8 /* MediaCatalogueCellView.swift in Sources */ = {isa = PBXBuildFile; fileRef = E81128852803118B002D18F8 /* MediaCatalogueCellView.swift */; };
		E8112888280311BD002D18F8 /* HomeView.swift in Sources */ = {isa = PBXBuildFile; fileRef = E8112887280311BD002D18F8 /* HomeView.swift */; };
		E811288D28033AD2002D18F8 /* ContentEditorView.swift in Sources */ = {isa = PBXBuildFile; fileRef = E811288C28033AD2002D18F8 /* ContentEditorView.swift */; };
		E811288F2803D8C7002D18F8 /* ContentEditorViewModel.swift in Sources */ = {isa = PBXBuildFile; fileRef = E811288E2803D8C7002D18F8 /* ContentEditorViewModel.swift */; };
/* End PBXBuildFile section */

/* Begin PBXFileReference section */
		E811284F2802FF4B002D18F8 /* PlaySafeContentProviderApp.app */ = {isa = PBXFileReference; explicitFileType = wrapper.application; includeInIndex = 0; path = PlaySafeContentProviderApp.app; sourceTree = BUILT_PRODUCTS_DIR; };
		E81128522802FF4B002D18F8 /* PlaySafeContentProviderAppApp.swift */ = {isa = PBXFileReference; lastKnownFileType = sourcecode.swift; path = PlaySafeContentProviderAppApp.swift; sourceTree = "<group>"; };
		E81128562802FF4D002D18F8 /* Assets.xcassets */ = {isa = PBXFileReference; lastKnownFileType = folder.assetcatalog; path = Assets.xcassets; sourceTree = "<group>"; };
		E81128592802FF4D002D18F8 /* Preview Assets.xcassets */ = {isa = PBXFileReference; lastKnownFileType = folder.assetcatalog; path = "Preview Assets.xcassets"; sourceTree = "<group>"; };
		E811285B2802FF4D002D18F8 /* PlaySafeContentProviderApp.entitlements */ = {isa = PBXFileReference; lastKnownFileType = text.plist.entitlements; path = PlaySafeContentProviderApp.entitlements; sourceTree = "<group>"; };
		E81128612803006C002D18F8 /* NetworkRequestService.swift */ = {isa = PBXFileReference; lastKnownFileType = sourcecode.swift; path = NetworkRequestService.swift; sourceTree = "<group>"; };
		E8112864280300A7002D18F8 /* AuthService.swift */ = {isa = PBXFileReference; lastKnownFileType = sourcecode.swift; path = AuthService.swift; sourceTree = "<group>"; };
		E8112866280300D7002D18F8 /* NetworkRequestError.swift */ = {isa = PBXFileReference; lastKnownFileType = sourcecode.swift; path = NetworkRequestError.swift; sourceTree = "<group>"; };
		E811286928030100002D18F8 /* Logging.swift */ = {isa = PBXFileReference; lastKnownFileType = sourcecode.swift; path = Logging.swift; sourceTree = "<group>"; };
		E811286C280301C8002D18F8 /* RequestBody.swift */ = {isa = PBXFileReference; lastKnownFileType = sourcecode.swift; path = RequestBody.swift; sourceTree = "<group>"; };
		E811286E280301ED002D18F8 /* Keys.swift */ = {isa = PBXFileReference; lastKnownFileType = sourcecode.swift; path = Keys.swift; sourceTree = "<group>"; };
		E811287028030211002D18F8 /* ErrorMessage.swift */ = {isa = PBXFileReference; lastKnownFileType = sourcecode.swift; path = ErrorMessage.swift; sourceTree = "<group>"; };
		E81128722803025A002D18F8 /* User.swift */ = {isa = PBXFileReference; lastKnownFileType = sourcecode.swift; path = User.swift; sourceTree = "<group>"; };
		E81128742803039A002D18F8 /* MediaContent.swift */ = {isa = PBXFileReference; lastKnownFileType = sourcecode.swift; path = MediaContent.swift; sourceTree = "<group>"; };
		E811287728030F02002D18F8 /* LoginView.swift */ = {isa = PBXFileReference; lastKnownFileType = sourcecode.swift; path = LoginView.swift; sourceTree = "<group>"; };
		E811287928030F1F002D18F8 /* LoginViewModel.swift */ = {isa = PBXFileReference; lastKnownFileType = sourcecode.swift; path = LoginViewModel.swift; sourceTree = "<group>"; };
		E811287D28030FA9002D18F8 /* RegisterAccountViewModel.swift */ = {isa = PBXFileReference; lastKnownFileType = sourcecode.swift; path = RegisterAccountViewModel.swift; sourceTree = "<group>"; };
		E811287F28031022002D18F8 /* RegisterAccountView.swift */ = {isa = PBXFileReference; lastKnownFileType = sourcecode.swift; path = RegisterAccountView.swift; sourceTree = "<group>"; };
		E81128822803106B002D18F8 /* HomeViewModel.swift */ = {isa = PBXFileReference; lastKnownFileType = sourcecode.swift; path = HomeViewModel.swift; sourceTree = "<group>"; };
		E81128852803118B002D18F8 /* MediaCatalogueCellView.swift */ = {isa = PBXFileReference; lastKnownFileType = sourcecode.swift; path = MediaCatalogueCellView.swift; sourceTree = "<group>"; };
		E8112887280311BD002D18F8 /* HomeView.swift */ = {isa = PBXFileReference; lastKnownFileType = sourcecode.swift; path = HomeView.swift; sourceTree = "<group>"; };
		E811288C28033AD2002D18F8 /* ContentEditorView.swift */ = {isa = PBXFileReference; lastKnownFileType = sourcecode.swift; path = ContentEditorView.swift; sourceTree = "<group>"; };
		E811288E2803D8C7002D18F8 /* ContentEditorViewModel.swift */ = {isa = PBXFileReference; lastKnownFileType = sourcecode.swift; path = ContentEditorViewModel.swift; sourceTree = "<group>"; };
/* End PBXFileReference section */

/* Begin PBXFrameworksBuildPhase section */
		E811284C2802FF4B002D18F8 /* Frameworks */ = {
			isa = PBXFrameworksBuildPhase;
			buildActionMask = 2147483647;
			files = (
			);
			runOnlyForDeploymentPostprocessing = 0;
		};
/* End PBXFrameworksBuildPhase section */

/* Begin PBXGroup section */
		E81128462802FF4B002D18F8 = {
			isa = PBXGroup;
			children = (
				E81128512802FF4B002D18F8 /* PlaySafeContentProviderApp */,
				E81128502802FF4B002D18F8 /* Products */,
			);
			sourceTree = "<group>";
		};
		E81128502802FF4B002D18F8 /* Products */ = {
			isa = PBXGroup;
			children = (
				E811284F2802FF4B002D18F8 /* PlaySafeContentProviderApp.app */,
			);
			name = Products;
			sourceTree = "<group>";
		};
		E81128512802FF4B002D18F8 /* PlaySafeContentProviderApp */ = {
			isa = PBXGroup;
			children = (
				E8112868280300F1002D18F8 /* Utils */,
				E811286328030076002D18F8 /* Services */,
				E811286B28030176002D18F8 /* Models */,
				E811287628030EDA002D18F8 /* Views */,
				E81128842803115D002D18F8 /* ReusableViews */,
				E81128522802FF4B002D18F8 /* PlaySafeContentProviderAppApp.swift */,
				E81128562802FF4D002D18F8 /* Assets.xcassets */,
				E811285B2802FF4D002D18F8 /* PlaySafeContentProviderApp.entitlements */,
				E81128582802FF4D002D18F8 /* Preview Content */,
			);
			path = PlaySafeContentProviderApp;
			sourceTree = "<group>";
		};
		E81128582802FF4D002D18F8 /* Preview Content */ = {
			isa = PBXGroup;
			children = (
				E81128592802FF4D002D18F8 /* Preview Assets.xcassets */,
			);
			path = "Preview Content";
			sourceTree = "<group>";
		};
		E811286328030076002D18F8 /* Services */ = {
			isa = PBXGroup;
			children = (
				E81128612803006C002D18F8 /* NetworkRequestService.swift */,
				E8112864280300A7002D18F8 /* AuthService.swift */,
				E8112866280300D7002D18F8 /* NetworkRequestError.swift */,
			);
			path = Services;
			sourceTree = "<group>";
		};
		E8112868280300F1002D18F8 /* Utils */ = {
			isa = PBXGroup;
			children = (
				E811286928030100002D18F8 /* Logging.swift */,
			);
			path = Utils;
			sourceTree = "<group>";
		};
		E811286B28030176002D18F8 /* Models */ = {
			isa = PBXGroup;
			children = (
				E811286C280301C8002D18F8 /* RequestBody.swift */,
				E811286E280301ED002D18F8 /* Keys.swift */,
				E811287028030211002D18F8 /* ErrorMessage.swift */,
				E81128722803025A002D18F8 /* User.swift */,
				E81128742803039A002D18F8 /* MediaContent.swift */,
			);
			path = Models;
			sourceTree = "<group>";
		};
		E811287628030EDA002D18F8 /* Views */ = {
			isa = PBXGroup;
			children = (
				E811288B28033AAE002D18F8 /* ContentEditor */,
				E811288128031059002D18F8 /* Home */,
				E811287C28030F77002D18F8 /* RegisterAccount */,
				E811287B28030F6A002D18F8 /* Login */,
			);
			path = Views;
			sourceTree = "<group>";
		};
		E811287B28030F6A002D18F8 /* Login */ = {
			isa = PBXGroup;
			children = (
				E811287728030F02002D18F8 /* LoginView.swift */,
				E811287928030F1F002D18F8 /* LoginViewModel.swift */,
			);
			path = Login;
			sourceTree = "<group>";
		};
		E811287C28030F77002D18F8 /* RegisterAccount */ = {
			isa = PBXGroup;
			children = (
				E811287D28030FA9002D18F8 /* RegisterAccountViewModel.swift */,
				E811287F28031022002D18F8 /* RegisterAccountView.swift */,
			);
			path = RegisterAccount;
			sourceTree = "<group>";
		};
		E811288128031059002D18F8 /* Home */ = {
			isa = PBXGroup;
			children = (
				E81128822803106B002D18F8 /* HomeViewModel.swift */,
				E8112887280311BD002D18F8 /* HomeView.swift */,
			);
			path = Home;
			sourceTree = "<group>";
		};
		E81128842803115D002D18F8 /* ReusableViews */ = {
			isa = PBXGroup;
			children = (
				E81128852803118B002D18F8 /* MediaCatalogueCellView.swift */,
			);
			path = ReusableViews;
			sourceTree = "<group>";
		};
		E811288B28033AAE002D18F8 /* ContentEditor */ = {
			isa = PBXGroup;
			children = (
				E811288C28033AD2002D18F8 /* ContentEditorView.swift */,
				E811288E2803D8C7002D18F8 /* ContentEditorViewModel.swift */,
			);
			path = ContentEditor;
			sourceTree = "<group>";
		};
/* End PBXGroup section */

/* Begin PBXNativeTarget section */
		E811284E2802FF4B002D18F8 /* PlaySafeContentProviderApp */ = {
			isa = PBXNativeTarget;
			buildConfigurationList = E811285E2802FF4D002D18F8 /* Build configuration list for PBXNativeTarget "PlaySafeContentProviderApp" */;
			buildPhases = (
				E811284B2802FF4B002D18F8 /* Sources */,
				E811284C2802FF4B002D18F8 /* Frameworks */,
				E811284D2802FF4B002D18F8 /* Resources */,
			);
			buildRules = (
			);
			dependencies = (
			);
			name = PlaySafeContentProviderApp;
			productName = PlaySafeContentProviderApp;
			productReference = E811284F2802FF4B002D18F8 /* PlaySafeContentProviderApp.app */;
			productType = "com.apple.product-type.application";
		};
/* End PBXNativeTarget section */

/* Begin PBXProject section */
		E81128472802FF4B002D18F8 /* Project object */ = {
			isa = PBXProject;
			attributes = {
				BuildIndependentTargetsInParallel = 1;
				LastSwiftUpdateCheck = 1330;
				LastUpgradeCheck = 1330;
				TargetAttributes = {
					E811284E2802FF4B002D18F8 = {
						CreatedOnToolsVersion = 13.3;
					};
				};
			};
			buildConfigurationList = E811284A2802FF4B002D18F8 /* Build configuration list for PBXProject "PlaySafeContentProviderApp" */;
			compatibilityVersion = "Xcode 13.0";
			developmentRegion = en;
			hasScannedForEncodings = 0;
			knownRegions = (
				en,
				Base,
			);
			mainGroup = E81128462802FF4B002D18F8;
			productRefGroup = E81128502802FF4B002D18F8 /* Products */;
			projectDirPath = "";
			projectRoot = "";
			targets = (
				E811284E2802FF4B002D18F8 /* PlaySafeContentProviderApp */,
			);
		};
/* End PBXProject section */

/* Begin PBXResourcesBuildPhase section */
		E811284D2802FF4B002D18F8 /* Resources */ = {
			isa = PBXResourcesBuildPhase;
			buildActionMask = 2147483647;
			files = (
				E811285A2802FF4D002D18F8 /* Preview Assets.xcassets in Resources */,
				E81128572802FF4D002D18F8 /* Assets.xcassets in Resources */,
			);
			runOnlyForDeploymentPostprocessing = 0;
		};
/* End PBXResourcesBuildPhase section */

/* Begin PBXSourcesBuildPhase section */
		E811284B2802FF4B002D18F8 /* Sources */ = {
			isa = PBXSourcesBuildPhase;
			buildActionMask = 2147483647;
			files = (
				E811286D280301C8002D18F8 /* RequestBody.swift in Sources */,
				E811286F280301ED002D18F8 /* Keys.swift in Sources */,
				E811286A28030100002D18F8 /* Logging.swift in Sources */,
				E811287128030211002D18F8 /* ErrorMessage.swift in Sources */,
				E81128622803006C002D18F8 /* NetworkRequestService.swift in Sources */,
				E8112888280311BD002D18F8 /* HomeView.swift in Sources */,
				E81128752803039A002D18F8 /* MediaContent.swift in Sources */,
				E81128532802FF4B002D18F8 /* PlaySafeContentProviderAppApp.swift in Sources */,
				E81128862803118B002D18F8 /* MediaCatalogueCellView.swift in Sources */,
				E8112865280300A7002D18F8 /* AuthService.swift in Sources */,
				E811287A28030F1F002D18F8 /* LoginViewModel.swift in Sources */,
				E811288F2803D8C7002D18F8 /* ContentEditorViewModel.swift in Sources */,
				E811287828030F02002D18F8 /* LoginView.swift in Sources */,
				E81128732803025A002D18F8 /* User.swift in Sources */,
				E811288028031022002D18F8 /* RegisterAccountView.swift in Sources */,
				E8112867280300D7002D18F8 /* NetworkRequestError.swift in Sources */,
				E81128832803106B002D18F8 /* HomeViewModel.swift in Sources */,
				E811287E28030FA9002D18F8 /* RegisterAccountViewModel.swift in Sources */,
				E811288D28033AD2002D18F8 /* ContentEditorView.swift in Sources */,
			);
			runOnlyForDeploymentPostprocessing = 0;
		};
/* End PBXSourcesBuildPhase section */

/* Begin XCBuildConfiguration section */
		E811285C2802FF4D002D18F8 /* Debug */ = {
			isa = XCBuildConfiguration;
			buildSettings = {
				ALWAYS_SEARCH_USER_PATHS = NO;
				CLANG_ANALYZER_NONNULL = YES;
				CLANG_ANALYZER_NUMBER_OBJECT_CONVERSION = YES_AGGRESSIVE;
				CLANG_CXX_LANGUAGE_STANDARD = "gnu++17";
				CLANG_ENABLE_MODULES = YES;
				CLANG_ENABLE_OBJC_ARC = YES;
				CLANG_ENABLE_OBJC_WEAK = YES;
				CLANG_WARN_BLOCK_CAPTURE_AUTORELEASING = YES;
				CLANG_WARN_BOOL_CONVERSION = YES;
				CLANG_WARN_COMMA = YES;
				CLANG_WARN_CONSTANT_CONVERSION = YES;
				CLANG_WARN_DEPRECATED_OBJC_IMPLEMENTATIONS = YES;
				CLANG_WARN_DIRECT_OBJC_ISA_USAGE = YES_ERROR;
				CLANG_WARN_DOCUMENTATION_COMMENTS = YES;
				CLANG_WARN_EMPTY_BODY = YES;
				CLANG_WARN_ENUM_CONVERSION = YES;
				CLANG_WARN_INFINITE_RECURSION = YES;
				CLANG_WARN_INT_CONVERSION = YES;
				CLANG_WARN_NON_LITERAL_NULL_CONVERSION = YES;
				CLANG_WARN_OBJC_IMPLICIT_RETAIN_SELF = YES;
				CLANG_WARN_OBJC_LITERAL_CONVERSION = YES;
				CLANG_WARN_OBJC_ROOT_CLASS = YES_ERROR;
				CLANG_WARN_QUOTED_INCLUDE_IN_FRAMEWORK_HEADER = YES;
				CLANG_WARN_RANGE_LOOP_ANALYSIS = YES;
				CLANG_WARN_STRICT_PROTOTYPES = YES;
				CLANG_WARN_SUSPICIOUS_MOVE = YES;
				CLANG_WARN_UNGUARDED_AVAILABILITY = YES_AGGRESSIVE;
				CLANG_WARN_UNREACHABLE_CODE = YES;
				CLANG_WARN__DUPLICATE_METHOD_MATCH = YES;
				COPY_PHASE_STRIP = NO;
				DEBUG_INFORMATION_FORMAT = dwarf;
				ENABLE_STRICT_OBJC_MSGSEND = YES;
				ENABLE_TESTABILITY = YES;
				GCC_C_LANGUAGE_STANDARD = gnu11;
				GCC_DYNAMIC_NO_PIC = NO;
				GCC_NO_COMMON_BLOCKS = YES;
				GCC_OPTIMIZATION_LEVEL = 0;
				GCC_PREPROCESSOR_DEFINITIONS = (
					"DEBUG=1",
					"$(inherited)",
				);
				GCC_WARN_64_TO_32_BIT_CONVERSION = YES;
				GCC_WARN_ABOUT_RETURN_TYPE = YES_ERROR;
				GCC_WARN_UNDECLARED_SELECTOR = YES;
				GCC_WARN_UNINITIALIZED_AUTOS = YES_AGGRESSIVE;
				GCC_WARN_UNUSED_FUNCTION = YES;
				GCC_WARN_UNUSED_VARIABLE = YES;
				MACOSX_DEPLOYMENT_TARGET = 12.3;
				MTL_ENABLE_DEBUG_INFO = INCLUDE_SOURCE;
				MTL_FAST_MATH = YES;
				ONLY_ACTIVE_ARCH = YES;
				SDKROOT = macosx;
				SWIFT_ACTIVE_COMPILATION_CONDITIONS = DEBUG;
				SWIFT_OPTIMIZATION_LEVEL = "-Onone";
			};
			name = Debug;
		};
		E811285D2802FF4D002D18F8 /* Release */ = {
			isa = XCBuildConfiguration;
			buildSettings = {
				ALWAYS_SEARCH_USER_PATHS = NO;
				CLANG_ANALYZER_NONNULL = YES;
				CLANG_ANALYZER_NUMBER_OBJECT_CONVERSION = YES_AGGRESSIVE;
				CLANG_CXX_LANGUAGE_STANDARD = "gnu++17";
				CLANG_ENABLE_MODULES = YES;
				CLANG_ENABLE_OBJC_ARC = YES;
				CLANG_ENABLE_OBJC_WEAK = YES;
				CLANG_WARN_BLOCK_CAPTURE_AUTORELEASING = YES;
				CLANG_WARN_BOOL_CONVERSION = YES;
				CLANG_WARN_COMMA = YES;
				CLANG_WARN_CONSTANT_CONVERSION = YES;
				CLANG_WARN_DEPRECATED_OBJC_IMPLEMENTATIONS = YES;
				CLANG_WARN_DIRECT_OBJC_ISA_USAGE = YES_ERROR;
				CLANG_WARN_DOCUMENTATION_COMMENTS = YES;
				CLANG_WARN_EMPTY_BODY = YES;
				CLANG_WARN_ENUM_CONVERSION = YES;
				CLANG_WARN_INFINITE_RECURSION = YES;
				CLANG_WARN_INT_CONVERSION = YES;
				CLANG_WARN_NON_LITERAL_NULL_CONVERSION = YES;
				CLANG_WARN_OBJC_IMPLICIT_RETAIN_SELF = YES;
				CLANG_WARN_OBJC_LITERAL_CONVERSION = YES;
				CLANG_WARN_OBJC_ROOT_CLASS = YES_ERROR;
				CLANG_WARN_QUOTED_INCLUDE_IN_FRAMEWORK_HEADER = YES;
				CLANG_WARN_RANGE_LOOP_ANALYSIS = YES;
				CLANG_WARN_STRICT_PROTOTYPES = YES;
				CLANG_WARN_SUSPICIOUS_MOVE = YES;
				CLANG_WARN_UNGUARDED_AVAILABILITY = YES_AGGRESSIVE;
				CLANG_WARN_UNREACHABLE_CODE = YES;
				CLANG_WARN__DUPLICATE_METHOD_MATCH = YES;
				COPY_PHASE_STRIP = NO;
				DEBUG_INFORMATION_FORMAT = "dwarf-with-dsym";
				ENABLE_NS_ASSERTIONS = NO;
				ENABLE_STRICT_OBJC_MSGSEND = YES;
				GCC_C_LANGUAGE_STANDARD = gnu11;
				GCC_NO_COMMON_BLOCKS = YES;
				GCC_WARN_64_TO_32_BIT_CONVERSION = YES;
				GCC_WARN_ABOUT_RETURN_TYPE = YES_ERROR;
				GCC_WARN_UNDECLARED_SELECTOR = YES;
				GCC_WARN_UNINITIALIZED_AUTOS = YES_AGGRESSIVE;
				GCC_WARN_UNUSED_FUNCTION = YES;
				GCC_WARN_UNUSED_VARIABLE = YES;
				MACOSX_DEPLOYMENT_TARGET = 12.3;
				MTL_ENABLE_DEBUG_INFO = NO;
				MTL_FAST_MATH = YES;
				SDKROOT = macosx;
				SWIFT_COMPILATION_MODE = wholemodule;
				SWIFT_OPTIMIZATION_LEVEL = "-O";
			};
			name = Release;
		};
		E811285F2802FF4D002D18F8 /* Debug */ = {
			isa = XCBuildConfiguration;
			buildSettings = {
				ASSETCATALOG_COMPILER_APPICON_NAME = AppIcon;
				ASSETCATALOG_COMPILER_GLOBAL_ACCENT_COLOR_NAME = AccentColor;
				CODE_SIGN_ENTITLEMENTS = PlaySafeContentProviderApp/PlaySafeContentProviderApp.entitlements;
				CODE_SIGN_STYLE = Automatic;
				COMBINE_HIDPI_IMAGES = YES;
				CURRENT_PROJECT_VERSION = 1;
				DEVELOPMENT_ASSET_PATHS = "\"PlaySafeContentProviderApp/Preview Content\"";
				DEVELOPMENT_TEAM = U977W89VXU;
				ENABLE_HARDENED_RUNTIME = YES;
				ENABLE_PREVIEWS = YES;
				GENERATE_INFOPLIST_FILE = YES;
				INFOPLIST_KEY_NSHumanReadableCopyright = "";
				LD_RUNPATH_SEARCH_PATHS = (
					"$(inherited)",
					"@executable_path/../Frameworks",
				);
				MARKETING_VERSION = 1.0;
				PRODUCT_BUNDLE_IDENTIFIER = com.playsafe.PlaySafeContentProviderApp;
				PRODUCT_NAME = "$(TARGET_NAME)";
				SWIFT_EMIT_LOC_STRINGS = YES;
				SWIFT_VERSION = 5.0;
			};
			name = Debug;
		};
		E81128602802FF4D002D18F8 /* Release */ = {
			isa = XCBuildConfiguration;
			buildSettings = {
				ASSETCATALOG_COMPILER_APPICON_NAME = AppIcon;
				ASSETCATALOG_COMPILER_GLOBAL_ACCENT_COLOR_NAME = AccentColor;
				CODE_SIGN_ENTITLEMENTS = PlaySafeContentProviderApp/PlaySafeContentProviderApp.entitlements;
				CODE_SIGN_STYLE = Automatic;
				COMBINE_HIDPI_IMAGES = YES;
				CURRENT_PROJECT_VERSION = 1;
				DEVELOPMENT_ASSET_PATHS = "\"PlaySafeContentProviderApp/Preview Content\"";
				DEVELOPMENT_TEAM = U977W89VXU;
				ENABLE_HARDENED_RUNTIME = YES;
				ENABLE_PREVIEWS = YES;
				GENERATE_INFOPLIST_FILE = YES;
				INFOPLIST_KEY_NSHumanReadableCopyright = "";
				LD_RUNPATH_SEARCH_PATHS = (
					"$(inherited)",
					"@executable_path/../Frameworks",
				);
				MARKETING_VERSION = 1.0;
				PRODUCT_BUNDLE_IDENTIFIER = com.playsafe.PlaySafeContentProviderApp;
				PRODUCT_NAME = "$(TARGET_NAME)";
				SWIFT_EMIT_LOC_STRINGS = YES;
				SWIFT_VERSION = 5.0;
			};
			name = Release;
		};
/* End XCBuildConfiguration section */

/* Begin XCConfigurationList section */
		E811284A2802FF4B002D18F8 /* Build configuration list for PBXProject "PlaySafeContentProviderApp" */ = {
			isa = XCConfigurationList;
			buildConfigurations = (
				E811285C2802FF4D002D18F8 /* Debug */,
				E811285D2802FF4D002D18F8 /* Release */,
			);
			defaultConfigurationIsVisible = 0;
			defaultConfigurationName = Release;
		};
		E811285E2802FF4D002D18F8 /* Build configuration list for PBXNativeTarget "PlaySafeContentProviderApp" */ = {
			isa = XCConfigurationList;
			buildConfigurations = (
				E811285F2802FF4D002D18F8 /* Debug */,
				E81128602802FF4D002D18F8 /* Release */,
			);
			defaultConfigurationIsVisible = 0;
			defaultConfigurationName = Release;
		};
/* End XCConfigurationList section */
	};
	rootObject = E81128472802FF4B002D18F8 /* Project object */;
}
